
Microsoft Visual Studio Solution File, Format Version 12.00
# Visual Studio Version 17
VisualStudioVersion = 17.5.33627.172
MinimumVisualStudioVersion = 10.0.40219.1
Project("{FAE04EC0-301F-11D3-BF4B-00C04F79EFBC}") = "UMS.Services", "UMS.Services\UMS.Services.csproj", "{D4B85C8C-4A6D-431F-98BD-16F5FEBF1892}"
EndProject
Project("{FAE04EC0-301F-11D3-BF4B-00C04F79EFBC}") = "UMS.Platform", "UMS.Platform\UMS.Platform.csproj", "{DFF93EE2-1E1A-4CB0-95DA-88B49E20A07B}"
EndProject
Global
	GlobalSection(SolutionConfigurationPlatforms) = preSolution
		Debug|Any CPU = Debug|Any CPU
		Release|Any CPU = Release|Any CPU
	EndGlobalSection
	GlobalSection(ProjectConfigurationPlatforms) = postSolution
		{D4B85C8C-4A6D-431F-98BD-16F5FEBF1892}.Debug|Any CPU.ActiveCfg = Debug|Any CPU
		{D4B85C8C-4A6D-431F-98BD-16F5FEBF1892}.Debug|Any CPU.Build.0 = Debug|Any CPU
		{D4B85C8C-4A6D-431F-98BD-16F5FEBF1892}.Release|Any CPU.ActiveCfg = Release|Any CPU
		{D4B85C8C-4A6D-431F-98BD-16F5FEBF1892}.Release|Any CPU.Build.0 = Release|Any CPU
		{DFF93EE2-1E1A-4CB0-95DA-88B49E20A07B}.Debug|Any CPU.ActiveCfg = Debug|Any CPU
		{DFF93EE2-1E1A-4CB0-95DA-88B49E20A07B}.Debug|Any CPU.Build.0 = Debug|Any CPU
		{DFF93EE2-1E1A-4CB0-95DA-88B49E20A07B}.Release|Any CPU.ActiveCfg = Release|Any CPU
		{DFF93EE2-1E1A-4CB0-95DA-88B49E20A07B}.Release|Any CPU.Build.0 = Release|Any CPU
	EndGlobalSection
	GlobalSection(SolutionProperties) = preSolution
		HideSolutionNode = FALSE
	EndGlobalSection
	GlobalSection(ExtensibilityGlobals) = postSolution
		SolutionGuid = {AAA6E432-25EE-4E6E-9BDD-2ECC3266EA4C}
	EndGlobalSection
EndGlobal
